{
  "name": "@emacs-grammarly/grammarly-languageserver",
  "version": "0.0.5",
  "lockfileVersion": 2,
  "requires": true,
  "packages": {
    "": {
      "name": "@emacs-grammarly/grammarly-languageserver",
      "version": "0.0.5",
      "license": "MIT",
      "dependencies": {
        "@grammarly/sdk": "^1.7.3",
        "@types/node": "^17.0.31",
        "inversify": "^6.0.1",
        "node-fetch": "^2.6.1",
        "reflect-metadata": "^0.1.13",
        "vscode-languageserver": "^7.0.0",
        "vscode-languageserver-textdocument": "^1.0.4",
        "web-tree-sitter": "0.20.5"
      },
      "bin": {
        "grammarly-languageserver": "bin/server.js"
      }
    },
    "../../node_modules/.pnpm/@grammarly+sdk@1.7.3/node_modules/@grammarly/sdk": {
      "version": "1.7.3",
      "license": "Apache-2.0",
      "devDependencies": {
        "@grammarly/plugin-core": "1.7.3",
        "@grammarly/plugin-reactivity": "1.7.3",
        "@grammarly/plugin-sdk": "1.7.3",
        "@microsoft/api-extractor": "^7.15.1",
        "@types/jest": "^26.0.22",
        "@types/node": "^17.0.23",
        "@types/node-fetch": "^2.6.1",
        "@types/web": "^0.0.61",
        "domhandler": "^5.0.1",
        "htmlparser2": "^7.2.0",
        "isomorphic-fetch": "^3.0.0",
        "jest": "^26.6.3",
        "ts-jest": "^26.5.4",
        "ws": "^8.5.0"
      }
    },
    "../../node_modules/.pnpm/inversify@6.0.1/node_modules/inversify": {
      "version": "6.0.1",
      "license": "MIT",
      "devDependencies": {
        "@types/chai": "4.2.22",
        "@types/mocha": "9.0.0",
        "@types/sinon": "9.0.11",
        "browserify": "17.0.0",
        "chai": "4.3.4",
        "istanbul": "0.4.5",
        "karma": "6.3.4",
        "karma-chai": "0.1.0",
        "karma-chrome-launcher": "3.1.0",
        "karma-commonjs": "1.0.0",
        "karma-es6-shim": "1.0.0",
        "karma-firefox-launcher": "2.1.1",
        "karma-ie-launcher": "1.0.0",
        "karma-mocha": "2.0.1",
        "karma-mocha-reporter": "2.2.5",
        "karma-phantomjs-launcher": "1.0.4",
        "karma-sinon": "1.0.5",
        "mocha": "9.1.2",
        "nyc": "15.1.0",
        "publish-please": "5.5.2",
        "reflect-metadata": "0.1.13",
        "sinon": "9.2.4",
        "ts-node": "10.3.0",
        "tsify": "5.0.4",
        "tslint": "6.1.3",
        "typescript": "4.4.4",
        "updates": "12.2.2"
      }
    },
    "../../node_modules/.pnpm/node-fetch@2.6.7/node_modules/node-fetch": {
      "version": "2.6.7",
      "license": "MIT",
      "dependencies": {
        "whatwg-url": "^5.0.0"
      },
      "devDependencies": {
        "@ungap/url-search-params": "^0.1.2",
        "abort-controller": "^1.1.0",
        "abortcontroller-polyfill": "^1.3.0",
        "babel-core": "^6.26.3",
        "babel-plugin-istanbul": "^4.1.6",
        "babel-preset-env": "^1.6.1",
        "babel-register": "^6.16.3",
        "chai": "^3.5.0",
        "chai-as-promised": "^7.1.1",
        "chai-iterator": "^1.1.1",
        "chai-string": "~1.3.0",
        "codecov": "3.3.0",
        "cross-env": "^5.2.0",
        "form-data": "^2.3.3",
        "is-builtin-module": "^1.0.0",
        "mocha": "^5.0.0",
        "nyc": "11.9.0",
        "parted": "^0.1.1",
        "promise": "^8.0.3",
        "resumer": "0.0.0",
        "rollup": "^0.63.4",
        "rollup-plugin-babel": "^3.0.7",
        "string-to-arraybuffer": "^1.0.2",
        "teeny-request": "3.7.0"
      },
      "engines": {
        "node": "4.x || >=6.0.0"
      },
      "peerDependencies": {
        "encoding": "^0.1.0"
      },
      "peerDependenciesMeta": {
        "encoding": {
          "optional": true
        }
      }
    },
    "../../node_modules/.pnpm/reflect-metadata@0.1.13/node_modules/reflect-metadata": {
      "version": "0.1.13",
      "license": "Apache-2.0",
      "devDependencies": {
        "@types/chai": "^3.4.34",
        "@types/mocha": "^2.2.34",
        "@types/node": "^6.0.52",
        "chai": "^3.5.0",
        "del": "^2.2.2",
        "ecmarkup": "^3.9.3",
        "gulp": "^3.9.1",
        "gulp-emu": "^1.1.0",
        "gulp-live-server": "0.0.30",
        "gulp-mocha": "^3.0.1",
        "gulp-rename": "^1.2.2",
        "gulp-sequence": "^0.4.6",
        "gulp-tsb": "^2.0.3",
        "mocha": "^3.2.0",
        "typescript": "^2.1.4"
      }
    },
    "../../node_modules/.pnpm/vscode-languageserver-textdocument@1.0.4/node_modules/vscode-languageserver-textdocument": {
      "version": "1.0.4",
      "license": "MIT"
    },
    "../../node_modules/.pnpm/vscode-languageserver@7.0.0/node_modules/vscode-languageserver": {
      "version": "7.0.0",
      "license": "MIT",
      "dependencies": {
        "vscode-languageserver-protocol": "3.16.0"
      },
      "bin": {
        "installServerIntoExtension": "bin/installServerIntoExtension"
      }
    },
    "../../node_modules/.pnpm/web-tree-sitter@0.20.5/node_modules/web-tree-sitter": {
      "version": "0.20.5",
      "license": "MIT",
      "devDependencies": {
        "chai": "^4.2.0",
        "mocha": "^6.1.4",
        "terser": "^3.17.0"
      }
    },
    "node_modules/@grammarly/sdk": {
      "resolved": "../../node_modules/.pnpm/@grammarly+sdk@1.7.3/node_modules/@grammarly/sdk",
      "link": true
    },
    "node_modules/@types/node": {
      "version": "17.0.31",
      "resolved": "https://registry.npmjs.org/@types/node/-/node-17.0.31.tgz",
      "integrity": "sha512-AR0x5HbXGqkEx9CadRH3EBYx/VkiUgZIhP4wvPn/+5KIsgpNoyFaRlVe0Zlx9gRtg8fA06a9tskE2MSN7TcG4Q=="
    },
    "node_modules/inversify": {
      "resolved": "../../node_modules/.pnpm/inversify@6.0.1/node_modules/inversify",
      "link": true
    },
    "node_modules/node-fetch": {
      "resolved": "../../node_modules/.pnpm/node-fetch@2.6.7/node_modules/node-fetch",
      "link": true
    },
    "node_modules/reflect-metadata": {
      "resolved": "../../node_modules/.pnpm/reflect-metadata@0.1.13/node_modules/reflect-metadata",
      "link": true
    },
    "node_modules/vscode-languageserver": {
      "resolved": "../../node_modules/.pnpm/vscode-languageserver@7.0.0/node_modules/vscode-languageserver",
      "link": true
    },
    "node_modules/vscode-languageserver-textdocument": {
      "resolved": "../../node_modules/.pnpm/vscode-languageserver-textdocument@1.0.4/node_modules/vscode-languageserver-textdocument",
      "link": true
    },
    "node_modules/web-tree-sitter": {
      "resolved": "../../node_modules/.pnpm/web-tree-sitter@0.20.5/node_modules/web-tree-sitter",
      "link": true
    }
  },
  "dependencies": {
    "@grammarly/sdk": {
      "version": "file:../../node_modules/.pnpm/@grammarly+sdk@1.7.3/node_modules/@grammarly/sdk",
      "requires": {
        "@grammarly/plugin-core": "1.7.3",
        "@grammarly/plugin-reactivity": "1.7.3",
        "@grammarly/plugin-sdk": "1.7.3",
        "@microsoft/api-extractor": "^7.15.1",
        "@types/jest": "^26.0.22",
        "@types/node": "^17.0.23",
        "@types/node-fetch": "^2.6.1",
        "@types/web": "^0.0.61",
        "domhandler": "^5.0.1",
        "htmlparser2": "^7.2.0",
        "isomorphic-fetch": "^3.0.0",
        "jest": "^26.6.3",
        "ts-jest": "^26.5.4",
        "ws": "^8.5.0"
      }
    },
    "@types/node": {
      "version": "17.0.31",
      "resolved": "https://registry.npmjs.org/@types/node/-/node-17.0.31.tgz",
      "integrity": "sha512-AR0x5HbXGqkEx9CadRH3EBYx/VkiUgZIhP4wvPn/+5KIsgpNoyFaRlVe0Zlx9gRtg8fA06a9tskE2MSN7TcG4Q=="
    },
    "inversify": {
      "version": "file:../../node_modules/.pnpm/inversify@6.0.1/node_modules/inversify",
      "requires": {
        "@types/chai": "4.2.22",
        "@types/mocha": "9.0.0",
        "@types/sinon": "9.0.11",
        "browserify": "17.0.0",
        "chai": "4.3.4",
        "istanbul": "0.4.5",
        "karma": "6.3.4",
        "karma-chai": "0.1.0",
        "karma-chrome-launcher": "3.1.0",
        "karma-commonjs": "1.0.0",
        "karma-es6-shim": "1.0.0",
        "karma-firefox-launcher": "2.1.1",
        "karma-ie-launcher": "1.0.0",
        "karma-mocha": "2.0.1",
        "karma-mocha-reporter": "2.2.5",
        "karma-phantomjs-launcher": "1.0.4",
        "karma-sinon": "1.0.5",
        "mocha": "9.1.2",
        "nyc": "15.1.0",
        "publish-please": "5.5.2",
        "reflect-metadata": "0.1.13",
        "sinon": "9.2.4",
        "ts-node": "10.3.0",
        "tsify": "5.0.4",
        "tslint": "6.1.3",
        "typescript": "4.4.4",
        "updates": "12.2.2"
      }
    },
    "node-fetch": {
      "version": "file:../../node_modules/.pnpm/node-fetch@2.6.7/node_modules/node-fetch",
      "requires": {
        "@ungap/url-search-params": "^0.1.2",
        "abort-controller": "^1.1.0",
        "abortcontroller-polyfill": "^1.3.0",
        "babel-core": "^6.26.3",
        "babel-plugin-istanbul": "^4.1.6",
        "babel-preset-env": "^1.6.1",
        "babel-register": "^6.16.3",
        "chai": "^3.5.0",
        "chai-as-promised": "^7.1.1",
        "chai-iterator": "^1.1.1",
        "chai-string": "~1.3.0",
        "codecov": "3.3.0",
        "cross-env": "^5.2.0",
        "form-data": "^2.3.3",
        "is-builtin-module": "^1.0.0",
        "mocha": "^5.0.0",
        "nyc": "11.9.0",
        "parted": "^0.1.1",
        "promise": "^8.0.3",
        "resumer": "0.0.0",
        "rollup": "^0.63.4",
        "rollup-plugin-babel": "^3.0.7",
        "string-to-arraybuffer": "^1.0.2",
        "teeny-request": "3.7.0",
        "whatwg-url": "^5.0.0"
      }
    },
    "reflect-metadata": {
      "version": "file:../../node_modules/.pnpm/reflect-metadata@0.1.13/node_modules/reflect-metadata",
      "requires": {
        "@types/chai": "^3.4.34",
        "@types/mocha": "^2.2.34",
        "@types/node": "^6.0.52",
        "chai": "^3.5.0",
        "del": "^2.2.2",
        "ecmarkup": "^3.9.3",
        "gulp": "^3.9.1",
        "gulp-emu": "^1.1.0",
        "gulp-live-server": "0.0.30",
        "gulp-mocha": "^3.0.1",
        "gulp-rename": "^1.2.2",
        "gulp-sequence": "^0.4.6",
        "gulp-tsb": "^2.0.3",
        "mocha": "^3.2.0",
        "typescript": "^2.1.4"
      }
    },
    "vscode-languageserver": {
      "version": "file:../../node_modules/.pnpm/vscode-languageserver@7.0.0/node_modules/vscode-languageserver",
      "requires": {
        "vscode-languageserver-protocol": "3.16.0"
      }
    },
    "vscode-languageserver-textdocument": {
      "version": "file:../../node_modules/.pnpm/vscode-languageserver-textdocument@1.0.4/node_modules/vscode-languageserver-textdocument"
    },
    "web-tree-sitter": {
      "version": "file:../../node_modules/.pnpm/web-tree-sitter@0.20.5/node_modules/web-tree-sitter",
      "requires": {
        "chai": "^4.2.0",
        "mocha": "^6.1.4",
        "terser": "^3.17.0"
      }
    }
  }
}
