{
  "name": "@emacs-grammarly/grammarly-languageserver",
  "version": "0.1.2",
  "lockfileVersion": 2,
  "requires": true,
  "packages": {
    "": {
      "name": "@emacs-grammarly/grammarly-languageserver",
      "version": "0.1.2",
      "license": "MIT",
      "dependencies": {
        "@emacs-grammarly/grammarly-richtext-encoder": "^0.0.1",
        "@grammarly/sdk": "^1.7.4",
        "htmlparser2": "^8.0.1",
        "idb-keyval": "^6.1.0",
        "inversify": "^6.0.1",
        "node-fetch": "^2.6.0",
        "reflect-metadata": "^0.1.13",
        "vscode-languageserver": "^7.0.0",
        "vscode-languageserver-textdocument": "^1.0.4",
        "web-tree-sitter": "0.20.5"
      },
      "bin": {
        "grammarly-languageserver": "bin/server.js"
      },
      "devDependencies": {
        "domhandler": "^5.0.3"
      }
    },
    "../../node_modules/.pnpm/@grammarly+sdk@1.7.3/node_modules/@grammarly/sdk": {
      "version": "1.7.3",
      "extraneous": true,
      "license": "Apache-2.0",
      "devDependencies": {
        "@grammarly/plugin-core": "1.7.3",
        "@grammarly/plugin-reactivity": "1.7.3",
        "@grammarly/plugin-sdk": "1.7.3",
        "@microsoft/api-extractor": "^7.15.1",
        "@types/jest": "^26.0.22",
        "@types/node": "^17.0.23",
        "@types/node-fetch": "^2.6.1",
        "@types/web": "^0.0.61",
        "domhandler": "^5.0.1",
        "htmlparser2": "^7.2.0",
        "isomorphic-fetch": "^3.0.0",
        "jest": "^26.6.3",
        "ts-jest": "^26.5.4",
        "ws": "^8.5.0"
      }
    },
    "../../node_modules/.pnpm/inversify@6.0.1/node_modules/inversify": {
      "version": "6.0.1",
      "license": "MIT",
      "devDependencies": {
        "@types/chai": "4.2.22",
        "@types/mocha": "9.0.0",
        "@types/sinon": "9.0.11",
        "browserify": "17.0.0",
        "chai": "4.3.4",
        "istanbul": "0.4.5",
        "karma": "6.3.4",
        "karma-chai": "0.1.0",
        "karma-chrome-launcher": "3.1.0",
        "karma-commonjs": "1.0.0",
        "karma-es6-shim": "1.0.0",
        "karma-firefox-launcher": "2.1.1",
        "karma-ie-launcher": "1.0.0",
        "karma-mocha": "2.0.1",
        "karma-mocha-reporter": "2.2.5",
        "karma-phantomjs-launcher": "1.0.4",
        "karma-sinon": "1.0.5",
        "mocha": "9.1.2",
        "nyc": "15.1.0",
        "publish-please": "5.5.2",
        "reflect-metadata": "0.1.13",
        "sinon": "9.2.4",
        "ts-node": "10.3.0",
        "tsify": "5.0.4",
        "tslint": "6.1.3",
        "typescript": "4.4.4",
        "updates": "12.2.2"
      }
    },
    "../../node_modules/.pnpm/node-fetch@2.6.7/node_modules/node-fetch": {
      "version": "2.6.7",
      "license": "MIT",
      "dependencies": {
        "whatwg-url": "^5.0.0"
      },
      "devDependencies": {
        "@ungap/url-search-params": "^0.1.2",
        "abort-controller": "^1.1.0",
        "abortcontroller-polyfill": "^1.3.0",
        "babel-core": "^6.26.3",
        "babel-plugin-istanbul": "^4.1.6",
        "babel-preset-env": "^1.6.1",
        "babel-register": "^6.16.3",
        "chai": "^3.5.0",
        "chai-as-promised": "^7.1.1",
        "chai-iterator": "^1.1.1",
        "chai-string": "~1.3.0",
        "codecov": "3.3.0",
        "cross-env": "^5.2.0",
        "form-data": "^2.3.3",
        "is-builtin-module": "^1.0.0",
        "mocha": "^5.0.0",
        "nyc": "11.9.0",
        "parted": "^0.1.1",
        "promise": "^8.0.3",
        "resumer": "0.0.0",
        "rollup": "^0.63.4",
        "rollup-plugin-babel": "^3.0.7",
        "string-to-arraybuffer": "^1.0.2",
        "teeny-request": "3.7.0"
      },
      "engines": {
        "node": "4.x || >=6.0.0"
      },
      "peerDependencies": {
        "encoding": "^0.1.0"
      },
      "peerDependenciesMeta": {
        "encoding": {
          "optional": true
        }
      }
    },
    "../../node_modules/.pnpm/reflect-metadata@0.1.13/node_modules/reflect-metadata": {
      "version": "0.1.13",
      "license": "Apache-2.0",
      "devDependencies": {
        "@types/chai": "^3.4.34",
        "@types/mocha": "^2.2.34",
        "@types/node": "^6.0.52",
        "chai": "^3.5.0",
        "del": "^2.2.2",
        "ecmarkup": "^3.9.3",
        "gulp": "^3.9.1",
        "gulp-emu": "^1.1.0",
        "gulp-live-server": "0.0.30",
        "gulp-mocha": "^3.0.1",
        "gulp-rename": "^1.2.2",
        "gulp-sequence": "^0.4.6",
        "gulp-tsb": "^2.0.3",
        "mocha": "^3.2.0",
        "typescript": "^2.1.4"
      }
    },
    "../../node_modules/.pnpm/vscode-languageserver-textdocument@1.0.4/node_modules/vscode-languageserver-textdocument": {
      "version": "1.0.4",
      "license": "MIT"
    },
    "../../node_modules/.pnpm/vscode-languageserver@7.0.0/node_modules/vscode-languageserver": {
      "version": "7.0.0",
      "license": "MIT",
      "dependencies": {
        "vscode-languageserver-protocol": "3.16.0"
      },
      "bin": {
        "installServerIntoExtension": "bin/installServerIntoExtension"
      }
    },
    "../../node_modules/.pnpm/web-tree-sitter@0.20.5/node_modules/web-tree-sitter": {
      "version": "0.20.5",
      "license": "MIT",
      "devDependencies": {
        "chai": "^4.2.0",
        "mocha": "^6.1.4",
        "terser": "^3.17.0"
      }
    },
    "node_modules/@emacs-grammarly/grammarly-richtext-encoder": {
      "version": "0.0.1",
      "resolved": "https://registry.npmjs.org/@emacs-grammarly/grammarly-richtext-encoder/-/grammarly-richtext-encoder-0.0.1.tgz",
      "integrity": "sha512-RBdamsxvoCGS04KhPigm0XdktuSIbEzxO3bUchZPKs+MWMvN8n35XwmY6pR4N9jEupwZ9N8pe6aQBgh0OaPsBg==",
      "dependencies": {
        "web-tree-sitter": "0.20.5"
      }
    },
    "node_modules/@grammarly/sdk": {
      "version": "1.7.4",
      "resolved": "https://registry.npmjs.org/@grammarly/sdk/-/sdk-1.7.4.tgz",
      "integrity": "sha512-sgz5jkTNTKS9ST4svOswTuA5H09h3il1Xp2Yin63BFX9rUFOPDEiCnrenHu9cAxx5FpF0wVKcoNjW09WNZpwJw=="
    },
    "node_modules/dom-serializer": {
      "version": "2.0.0",
      "resolved": "https://registry.npmjs.org/dom-serializer/-/dom-serializer-2.0.0.tgz",
      "integrity": "sha512-wIkAryiqt/nV5EQKqQpo3SToSOV9J0DnbJqwK7Wv/Trc92zIAYZ4FlMu+JPFW1DfGFt81ZTCGgDEabffXeLyJg==",
      "dependencies": {
        "domelementtype": "^2.3.0",
        "domhandler": "^5.0.2",
        "entities": "^4.2.0"
      },
      "funding": {
        "url": "https://github.com/cheeriojs/dom-serializer?sponsor=1"
      }
    },
    "node_modules/domelementtype": {
      "version": "2.3.0",
      "resolved": "https://registry.npmjs.org/domelementtype/-/domelementtype-2.3.0.tgz",
      "integrity": "sha512-OLETBj6w0OsagBwdXnPdN0cnMfF9opN69co+7ZrbfPGrdpPVNBUj02spi6B1N7wChLQiPn4CSH/zJvXw56gmHw==",
      "funding": [
        {
          "type": "github",
          "url": "https://github.com/sponsors/fb55"
        }
      ]
    },
    "node_modules/domhandler": {
      "version": "5.0.3",
      "resolved": "https://registry.npmjs.org/domhandler/-/domhandler-5.0.3.tgz",
      "integrity": "sha512-cgwlv/1iFQiFnU96XXgROh8xTeetsnJiDsTc7TYCLFd9+/WNkIqPTxiM/8pSd8VIrhXGTf1Ny1q1hquVqDJB5w==",
      "dependencies": {
        "domelementtype": "^2.3.0"
      },
      "engines": {
        "node": ">= 4"
      },
      "funding": {
        "url": "https://github.com/fb55/domhandler?sponsor=1"
      }
    },
    "node_modules/domutils": {
      "version": "3.0.1",
      "resolved": "https://registry.npmjs.org/domutils/-/domutils-3.0.1.tgz",
      "integrity": "sha512-z08c1l761iKhDFtfXO04C7kTdPBLi41zwOZl00WS8b5eiaebNpY00HKbztwBq+e3vyqWNwWF3mP9YLUeqIrF+Q==",
      "dependencies": {
        "dom-serializer": "^2.0.0",
        "domelementtype": "^2.3.0",
        "domhandler": "^5.0.1"
      },
      "funding": {
        "url": "https://github.com/fb55/domutils?sponsor=1"
      }
    },
    "node_modules/entities": {
      "version": "4.3.0",
      "resolved": "https://registry.npmjs.org/entities/-/entities-4.3.0.tgz",
      "integrity": "sha512-/iP1rZrSEJ0DTlPiX+jbzlA3eVkY/e8L8SozroF395fIqE3TYF/Nz7YOMAawta+vLmyJ/hkGNNPcSbMADCCXbg==",
      "engines": {
        "node": ">=0.12"
      },
      "funding": {
        "url": "https://github.com/fb55/entities?sponsor=1"
      }
    },
    "node_modules/htmlparser2": {
      "version": "8.0.1",
      "resolved": "https://registry.npmjs.org/htmlparser2/-/htmlparser2-8.0.1.tgz",
      "integrity": "sha512-4lVbmc1diZC7GUJQtRQ5yBAeUCL1exyMwmForWkRLnwyzWBFxN633SALPMGYaWZvKe9j1pRZJpauvmxENSp/EA==",
      "funding": [
        "https://github.com/fb55/htmlparser2?sponsor=1",
        {
          "type": "github",
          "url": "https://github.com/sponsors/fb55"
        }
      ],
      "dependencies": {
        "domelementtype": "^2.3.0",
        "domhandler": "^5.0.2",
        "domutils": "^3.0.1",
        "entities": "^4.3.0"
      }
    },
    "node_modules/idb-keyval": {
      "version": "6.1.0",
      "resolved": "https://registry.npmjs.org/idb-keyval/-/idb-keyval-6.1.0.tgz",
      "integrity": "sha512-u/qHZ75rlD3gH+Zah8dAJVJcGW/RfCnfNrFkElC5RpRCnpsCXXhqjVk+6MoVKJ3WhmNbRYdI6IIVP88e+5sxGw==",
      "dependencies": {
        "safari-14-idb-fix": "^3.0.0"
      }
    },
    "node_modules/inversify": {
      "resolved": "../../node_modules/.pnpm/inversify@6.0.1/node_modules/inversify",
      "link": true
    },
    "node_modules/node-fetch": {
      "resolved": "../../node_modules/.pnpm/node-fetch@2.6.7/node_modules/node-fetch",
      "link": true
    },
    "node_modules/reflect-metadata": {
      "resolved": "../../node_modules/.pnpm/reflect-metadata@0.1.13/node_modules/reflect-metadata",
      "link": true
    },
    "node_modules/safari-14-idb-fix": {
      "version": "3.0.0",
      "resolved": "https://registry.npmjs.org/safari-14-idb-fix/-/safari-14-idb-fix-3.0.0.tgz",
      "integrity": "sha512-eBNFLob4PMq8JA1dGyFn6G97q3/WzNtFK4RnzT1fnLq+9RyrGknzYiM/9B12MnKAxuj1IXr7UKYtTNtjyKMBog=="
    },
    "node_modules/vscode-languageserver": {
      "resolved": "../../node_modules/.pnpm/vscode-languageserver@7.0.0/node_modules/vscode-languageserver",
      "link": true
    },
    "node_modules/vscode-languageserver-textdocument": {
      "resolved": "../../node_modules/.pnpm/vscode-languageserver-textdocument@1.0.4/node_modules/vscode-languageserver-textdocument",
      "link": true
    },
    "node_modules/web-tree-sitter": {
      "resolved": "../../node_modules/.pnpm/web-tree-sitter@0.20.5/node_modules/web-tree-sitter",
      "link": true
    }
  },
  "dependencies": {
    "@emacs-grammarly/grammarly-richtext-encoder": {
      "version": "0.0.1",
      "resolved": "https://registry.npmjs.org/@emacs-grammarly/grammarly-richtext-encoder/-/grammarly-richtext-encoder-0.0.1.tgz",
      "integrity": "sha512-RBdamsxvoCGS04KhPigm0XdktuSIbEzxO3bUchZPKs+MWMvN8n35XwmY6pR4N9jEupwZ9N8pe6aQBgh0OaPsBg==",
      "requires": {
        "web-tree-sitter": "0.20.5"
      }
    },
    "@grammarly/sdk": {
      "version": "1.7.4",
      "resolved": "https://registry.npmjs.org/@grammarly/sdk/-/sdk-1.7.4.tgz",
      "integrity": "sha512-sgz5jkTNTKS9ST4svOswTuA5H09h3il1Xp2Yin63BFX9rUFOPDEiCnrenHu9cAxx5FpF0wVKcoNjW09WNZpwJw=="
    },
    "dom-serializer": {
      "version": "2.0.0",
      "resolved": "https://registry.npmjs.org/dom-serializer/-/dom-serializer-2.0.0.tgz",
      "integrity": "sha512-wIkAryiqt/nV5EQKqQpo3SToSOV9J0DnbJqwK7Wv/Trc92zIAYZ4FlMu+JPFW1DfGFt81ZTCGgDEabffXeLyJg==",
      "requires": {
        "domelementtype": "^2.3.0",
        "domhandler": "^5.0.2",
        "entities": "^4.2.0"
      }
    },
    "domelementtype": {
      "version": "2.3.0",
      "resolved": "https://registry.npmjs.org/domelementtype/-/domelementtype-2.3.0.tgz",
      "integrity": "sha512-OLETBj6w0OsagBwdXnPdN0cnMfF9opN69co+7ZrbfPGrdpPVNBUj02spi6B1N7wChLQiPn4CSH/zJvXw56gmHw=="
    },
    "domhandler": {
      "version": "5.0.3",
      "resolved": "https://registry.npmjs.org/domhandler/-/domhandler-5.0.3.tgz",
      "integrity": "sha512-cgwlv/1iFQiFnU96XXgROh8xTeetsnJiDsTc7TYCLFd9+/WNkIqPTxiM/8pSd8VIrhXGTf1Ny1q1hquVqDJB5w==",
      "requires": {
        "domelementtype": "^2.3.0"
      }
    },
    "domutils": {
      "version": "3.0.1",
      "resolved": "https://registry.npmjs.org/domutils/-/domutils-3.0.1.tgz",
      "integrity": "sha512-z08c1l761iKhDFtfXO04C7kTdPBLi41zwOZl00WS8b5eiaebNpY00HKbztwBq+e3vyqWNwWF3mP9YLUeqIrF+Q==",
      "requires": {
        "dom-serializer": "^2.0.0",
        "domelementtype": "^2.3.0",
        "domhandler": "^5.0.1"
      }
    },
    "entities": {
      "version": "4.3.0",
      "resolved": "https://registry.npmjs.org/entities/-/entities-4.3.0.tgz",
      "integrity": "sha512-/iP1rZrSEJ0DTlPiX+jbzlA3eVkY/e8L8SozroF395fIqE3TYF/Nz7YOMAawta+vLmyJ/hkGNNPcSbMADCCXbg=="
    },
    "htmlparser2": {
      "version": "8.0.1",
      "resolved": "https://registry.npmjs.org/htmlparser2/-/htmlparser2-8.0.1.tgz",
      "integrity": "sha512-4lVbmc1diZC7GUJQtRQ5yBAeUCL1exyMwmForWkRLnwyzWBFxN633SALPMGYaWZvKe9j1pRZJpauvmxENSp/EA==",
      "requires": {
        "domelementtype": "^2.3.0",
        "domhandler": "^5.0.2",
        "domutils": "^3.0.1",
        "entities": "^4.3.0"
      }
    },
    "idb-keyval": {
      "version": "6.1.0",
      "resolved": "https://registry.npmjs.org/idb-keyval/-/idb-keyval-6.1.0.tgz",
      "integrity": "sha512-u/qHZ75rlD3gH+Zah8dAJVJcGW/RfCnfNrFkElC5RpRCnpsCXXhqjVk+6MoVKJ3WhmNbRYdI6IIVP88e+5sxGw==",
      "requires": {
        "safari-14-idb-fix": "^3.0.0"
      }
    },
    "inversify": {
      "version": "file:../../node_modules/.pnpm/inversify@6.0.1/node_modules/inversify",
      "requires": {
        "@types/chai": "4.2.22",
        "@types/mocha": "9.0.0",
        "@types/sinon": "9.0.11",
        "browserify": "17.0.0",
        "chai": "4.3.4",
        "istanbul": "0.4.5",
        "karma": "6.3.4",
        "karma-chai": "0.1.0",
        "karma-chrome-launcher": "3.1.0",
        "karma-commonjs": "1.0.0",
        "karma-es6-shim": "1.0.0",
        "karma-firefox-launcher": "2.1.1",
        "karma-ie-launcher": "1.0.0",
        "karma-mocha": "2.0.1",
        "karma-mocha-reporter": "2.2.5",
        "karma-phantomjs-launcher": "1.0.4",
        "karma-sinon": "1.0.5",
        "mocha": "9.1.2",
        "nyc": "15.1.0",
        "publish-please": "5.5.2",
        "reflect-metadata": "0.1.13",
        "sinon": "9.2.4",
        "ts-node": "10.3.0",
        "tsify": "5.0.4",
        "tslint": "6.1.3",
        "typescript": "4.4.4",
        "updates": "12.2.2"
      }
    },
    "node-fetch": {
      "version": "file:../../node_modules/.pnpm/node-fetch@2.6.7/node_modules/node-fetch",
      "requires": {
        "@ungap/url-search-params": "^0.1.2",
        "abort-controller": "^1.1.0",
        "abortcontroller-polyfill": "^1.3.0",
        "babel-core": "^6.26.3",
        "babel-plugin-istanbul": "^4.1.6",
        "babel-preset-env": "^1.6.1",
        "babel-register": "^6.16.3",
        "chai": "^3.5.0",
        "chai-as-promised": "^7.1.1",
        "chai-iterator": "^1.1.1",
        "chai-string": "~1.3.0",
        "codecov": "3.3.0",
        "cross-env": "^5.2.0",
        "form-data": "^2.3.3",
        "is-builtin-module": "^1.0.0",
        "mocha": "^5.0.0",
        "nyc": "11.9.0",
        "parted": "^0.1.1",
        "promise": "^8.0.3",
        "resumer": "0.0.0",
        "rollup": "^0.63.4",
        "rollup-plugin-babel": "^3.0.7",
        "string-to-arraybuffer": "^1.0.2",
        "teeny-request": "3.7.0",
        "whatwg-url": "^5.0.0"
      }
    },
    "reflect-metadata": {
      "version": "file:../../node_modules/.pnpm/reflect-metadata@0.1.13/node_modules/reflect-metadata",
      "requires": {
        "@types/chai": "^3.4.34",
        "@types/mocha": "^2.2.34",
        "@types/node": "^6.0.52",
        "chai": "^3.5.0",
        "del": "^2.2.2",
        "ecmarkup": "^3.9.3",
        "gulp": "^3.9.1",
        "gulp-emu": "^1.1.0",
        "gulp-live-server": "0.0.30",
        "gulp-mocha": "^3.0.1",
        "gulp-rename": "^1.2.2",
        "gulp-sequence": "^0.4.6",
        "gulp-tsb": "^2.0.3",
        "mocha": "^3.2.0",
        "typescript": "^2.1.4"
      }
    },
    "safari-14-idb-fix": {
      "version": "3.0.0",
      "resolved": "https://registry.npmjs.org/safari-14-idb-fix/-/safari-14-idb-fix-3.0.0.tgz",
      "integrity": "sha512-eBNFLob4PMq8JA1dGyFn6G97q3/WzNtFK4RnzT1fnLq+9RyrGknzYiM/9B12MnKAxuj1IXr7UKYtTNtjyKMBog=="
    },
    "vscode-languageserver": {
      "version": "file:../../node_modules/.pnpm/vscode-languageserver@7.0.0/node_modules/vscode-languageserver",
      "requires": {
        "vscode-languageserver-protocol": "3.16.0"
      }
    },
    "vscode-languageserver-textdocument": {
      "version": "file:../../node_modules/.pnpm/vscode-languageserver-textdocument@1.0.4/node_modules/vscode-languageserver-textdocument"
    },
    "web-tree-sitter": {
      "version": "file:../../node_modules/.pnpm/web-tree-sitter@0.20.5/node_modules/web-tree-sitter",
      "requires": {
        "chai": "^4.2.0",
        "mocha": "^6.1.4",
        "terser": "^3.17.0"
      }
    }
  }
}
